// !$*UTF8*$!
{
	archiveVersion = 1;
	classes = {
	};
	objectVersion = 55;
	objects = {

/* Begin PBXBuildFile section */
		348FB13E27115F5500457E53 /* AppDelegate.swift in Sources */ = {isa = PBXBuildFile; fileRef = 348FB13D27115F5500457E53 /* AppDelegate.swift */; };
		348FB14027115F5500457E53 /* SceneDelegate.swift in Sources */ = {isa = PBXBuildFile; fileRef = 348FB13F27115F5500457E53 /* SceneDelegate.swift */; };
		348FB14227115F5500457E53 /* ViewController.swift in Sources */ = {isa = PBXBuildFile; fileRef = 348FB14127115F5500457E53 /* ViewController.swift */; };
		348FB14527115F5500457E53 /* Main.storyboard in Resources */ = {isa = PBXBuildFile; fileRef = 348FB14327115F5500457E53 /* Main.storyboard */; };
		348FB14727115F5700457E53 /* Assets.xcassets in Resources */ = {isa = PBXBuildFile; fileRef = 348FB14627115F5700457E53 /* Assets.xcassets */; };
		348FB14A27115F5700457E53 /* LaunchScreen.storyboard in Resources */ = {isa = PBXBuildFile; fileRef = 348FB14827115F5700457E53 /* LaunchScreen.storyboard */; };
		348FB15527115F5700457E53 /* FlixMovieAppTests.swift in Sources */ = {isa = PBXBuildFile; fileRef = 348FB15427115F5700457E53 /* FlixMovieAppTests.swift */; };
		348FB15F27115F5700457E53 /* FlixMovieAppUITests.swift in Sources */ = {isa = PBXBuildFile; fileRef = 348FB15E27115F5700457E53 /* FlixMovieAppUITests.swift */; };
		348FB16127115F5700457E53 /* FlixMovieAppUITestsLaunchTests.swift in Sources */ = {isa = PBXBuildFile; fileRef = 348FB16027115F5700457E53 /* FlixMovieAppUITestsLaunchTests.swift */; };
/* End PBXBuildFile section */

/* Begin PBXContainerItemProxy section */
		348FB15127115F5700457E53 /* PBXContainerItemProxy */ = {
			isa = PBXContainerItemProxy;
			containerPortal = 348FB13227115F5500457E53 /* Project object */;
			proxyType = 1;
			remoteGlobalIDString = 348FB13927115F5500457E53;
			remoteInfo = FlixMovieApp;
		};
		348FB15B27115F5700457E53 /* PBXContainerItemProxy */ = {
			isa = PBXContainerItemProxy;
			containerPortal = 348FB13227115F5500457E53 /* Project object */;
			proxyType = 1;
			remoteGlobalIDString = 348FB13927115F5500457E53;
			remoteInfo = FlixMovieApp;
		};
/* End PBXContainerItemProxy section */

/* Begin PBXFileReference section */
		348FB13A27115F5500457E53 /* FlixMovieApp.app */ = {isa = PBXFileReference; explicitFileType = wrapper.application; includeInIndex = 0; path = FlixMovieApp.app; sourceTree = BUILT_PRODUCTS_DIR; };
		348FB13D27115F5500457E53 /* AppDelegate.swift */ = {isa = PBXFileReference; lastKnownFileType = sourcecode.swift; path = AppDelegate.swift; sourceTree = "<group>"; };
		348FB13F27115F5500457E53 /* SceneDelegate.swift */ = {isa = PBXFileReference; lastKnownFileType = sourcecode.swift; path = SceneDelegate.swift; sourceTree = "<group>"; };
		348FB14127115F5500457E53 /* ViewController.swift */ = {isa = PBXFileReference; lastKnownFileType = sourcecode.swift; path = ViewController.swift; sourceTree = "<group>"; };
		348FB14427115F5500457E53 /* Base */ = {isa = PBXFileReference; lastKnownFileType = file.storyboard; name = Base; path = Base.lproj/Main.storyboard; sourceTree = "<group>"; };
		348FB14627115F5700457E53 /* Assets.xcassets */ = {isa = PBXFileReference; lastKnownFileType = folder.assetcatalog; path = Assets.xcassets; sourceTree = "<group>"; };
		348FB14927115F5700457E53 /* Base */ = {isa = PBXFileReference; lastKnownFileType = file.storyboard; name = Base; path = Base.lproj/LaunchScreen.storyboard; sourceTree = "<group>"; };
		348FB14B27115F5700457E53 /* Info.plist */ = {isa = PBXFileReference; lastKnownFileType = text.plist.xml; path = Info.plist; sourceTree = "<group>"; };
		348FB15027115F5700457E53 /* FlixMovieAppTests.xctest */ = {isa = PBXFileReference; explicitFileType = wrapper.cfbundle; includeInIndex = 0; path = FlixMovieAppTests.xctest; sourceTree = BUILT_PRODUCTS_DIR; };
		348FB15427115F5700457E53 /* FlixMovieAppTests.swift */ = {isa = PBXFileReference; lastKnownFileType = sourcecode.swift; path = FlixMovieAppTests.swift; sourceTree = "<group>"; };
		348FB15A27115F5700457E53 /* FlixMovieAppUITests.xctest */ = {isa = PBXFileReference; explicitFileType = wrapper.cfbundle; includeInIndex = 0; path = FlixMovieAppUITests.xctest; sourceTree = BUILT_PRODUCTS_DIR; };
		348FB15E27115F5700457E53 /* FlixMovieAppUITests.swift */ = {isa = PBXFileReference; lastKnownFileType = sourcecode.swift; path = FlixMovieAppUITests.swift; sourceTree = "<group>"; };
		348FB16027115F5700457E53 /* FlixMovieAppUITestsLaunchTests.swift */ = {isa = PBXFileReference; lastKnownFileType = sourcecode.swift; path = FlixMovieAppUITestsLaunchTests.swift; sourceTree = "<group>"; };
/* End PBXFileReference section */

/* Begin PBXFrameworksBuildPhase section */
		348FB13727115F5500457E53 /* Frameworks */ = {
			isa = PBXFrameworksBuildPhase;
			buildActionMask = 2147483647;
			files = (
			);
			runOnlyForDeploymentPostprocessing = 0;
		};
		348FB14D27115F5700457E53 /* Frameworks */ = {
			isa = PBXFrameworksBuildPhase;
			buildActionMask = 2147483647;
			files = (
			);
			runOnlyForDeploymentPostprocessing = 0;
		};
		348FB15727115F5700457E53 /* Frameworks */ = {
			isa = PBXFrameworksBuildPhase;
			buildActionMask = 2147483647;
			files = (
			);
			runOnlyForDeploymentPostprocessing = 0;
		};
/* End PBXFrameworksBuildPhase section */

/* Begin PBXGroup section */
		348FB13127115F5500457E53 = {
			isa = PBXGroup;
			children = (
				348FB13C27115F5500457E53 /* FlixMovieApp */,
				348FB15327115F5700457E53 /* FlixMovieAppTests */,
				348FB15D27115F5700457E53 /* FlixMovieAppUITests */,
				348FB13B27115F5500457E53 /* Products */,
			);
			sourceTree = "<group>";
		};
		348FB13B27115F5500457E53 /* Products */ = {
			isa = PBXGroup;
			children = (
				348FB13A27115F5500457E53 /* FlixMovieApp.app */,
				348FB15027115F5700457E53 /* FlixMovieAppTests.xctest */,
				348FB15A27115F5700457E53 /* FlixMovieAppUITests.xctest */,
			);
			name = Products;
			sourceTree = "<group>";
		};
		348FB13C27115F5500457E53 /* FlixMovieApp */ = {
			isa = PBXGroup;
			children = (
				348FB13D27115F5500457E53 /* AppDelegate.swift */,
				348FB13F27115F5500457E53 /* SceneDelegate.swift */,
				348FB14127115F5500457E53 /* ViewController.swift */,
				348FB14327115F5500457E53 /* Main.storyboard */,
				348FB14627115F5700457E53 /* Assets.xcassets */,
				348FB14827115F5700457E53 /* LaunchScreen.storyboard */,
				348FB14B27115F5700457E53 /* Info.plist */,
			);
			path = FlixMovieApp;
			sourceTree = "<group>";
		};
		348FB15327115F5700457E53 /* FlixMovieAppTests */ = {
			isa = PBXGroup;
			children = (
				348FB15427115F5700457E53 /* FlixMovieAppTests.swift */,
			);
			path = FlixMovieAppTests;
			sourceTree = "<group>";
		};
		348FB15D27115F5700457E53 /* FlixMovieAppUITests */ = {
			isa = PBXGroup;
			children = (
				348FB15E27115F5700457E53 /* FlixMovieAppUITests.swift */,
				348FB16027115F5700457E53 /* FlixMovieAppUITestsLaunchTests.swift */,
			);
			path = FlixMovieAppUITests;
			sourceTree = "<group>";
		};
/* End PBXGroup section */

/* Begin PBXNativeTarget section */
		348FB13927115F5500457E53 /* FlixMovieApp */ = {
			isa = PBXNativeTarget;
			buildConfigurationList = 348FB16427115F5700457E53 /* Build configuration list for PBXNativeTarget "FlixMovieApp" */;
			buildPhases = (
				348FB13627115F5500457E53 /* Sources */,
				348FB13727115F5500457E53 /* Frameworks */,
				348FB13827115F5500457E53 /* Resources */,
			);
			buildRules = (
			);
			dependencies = (
			);
			name = FlixMovieApp;
			productName = FlixMovieApp;
			productReference = 348FB13A27115F5500457E53 /* FlixMovieApp.app */;
			productType = "com.apple.product-type.application";
		};
		348FB14F27115F5700457E53 /* FlixMovieAppTests */ = {
			isa = PBXNativeTarget;
			buildConfigurationList = 348FB16727115F5700457E53 /* Build configuration list for PBXNativeTarget "FlixMovieAppTests" */;
			buildPhases = (
				348FB14C27115F5700457E53 /* Sources */,
				348FB14D27115F5700457E53 /* Frameworks */,
				348FB14E27115F5700457E53 /* Resources */,
			);
			buildRules = (
			);
			dependencies = (
				348FB15227115F5700457E53 /* PBXTargetDependency */,
			);
			name = FlixMovieAppTests;
			productName = FlixMovieAppTests;
			productReference = 348FB15027115F5700457E53 /* FlixMovieAppTests.xctest */;
			productType = "com.apple.product-type.bundle.unit-test";
		};
		348FB15927115F5700457E53 /* FlixMovieAppUITests */ = {
			isa = PBXNativeTarget;
			buildConfigurationList = 348FB16A27115F5700457E53 /* Build configuration list for PBXNativeTarget "FlixMovieAppUITests" */;
			buildPhases = (
				348FB15627115F5700457E53 /* Sources */,
				348FB15727115F5700457E53 /* Frameworks */,
				348FB15827115F5700457E53 /* Resources */,
			);
			buildRules = (
			);
			dependencies = (
				348FB15C27115F5700457E53 /* PBXTargetDependency */,
			);
			name = FlixMovieAppUITests;
			productName = FlixMovieAppUITests;
			productReference = 348FB15A27115F5700457E53 /* FlixMovieAppUITests.xctest */;
			productType = "com.apple.product-type.bundle.ui-testing";
		};
/* End PBXNativeTarget section */

/* Begin PBXProject section */
		348FB13227115F5500457E53 /* Project object */ = {
			isa = PBXProject;
			attributes = {
				BuildIndependentTargetsInParallel = 1;
				LastSwiftUpdateCheck = 1300;
				LastUpgradeCheck = 1300;
				TargetAttributes = {
					348FB13927115F5500457E53 = {
						CreatedOnToolsVersion = 13.0;
					};
					348FB14F27115F5700457E53 = {
						CreatedOnToolsVersion = 13.0;
						TestTargetID = 348FB13927115F5500457E53;
					};
					348FB15927115F5700457E53 = {
						CreatedOnToolsVersion = 13.0;
						TestTargetID = 348FB13927115F5500457E53;
					};
				};
			};
			buildConfigurationList = 348FB13527115F5500457E53 /* Build configuration list for PBXProject "FlixMovieApp" */;
			compatibilityVersion = "Xcode 13.0";
			developmentRegion = en;
			hasScannedForEncodings = 0;
			knownRegions = (
				en,
				Base,
			);
			mainGroup = 348FB13127115F5500457E53;
			productRefGroup = 348FB13B27115F5500457E53 /* Products */;
			projectDirPath = "";
			projectRoot = "";
			targets = (
				348FB13927115F5500457E53 /* FlixMovieApp */,
				348FB14F27115F5700457E53 /* FlixMovieAppTests */,
				348FB15927115F5700457E53 /* FlixMovieAppUITests */,
			);
		};
/* End PBXProject section */

/* Begin PBXResourcesBuildPhase section */
		348FB13827115F5500457E53 /* Resources */ = {
			isa = PBXResourcesBuildPhase;
			buildActionMask = 2147483647;
			files = (
				348FB14A27115F5700457E53 /* LaunchScreen.storyboard in Resources */,
				348FB14727115F5700457E53 /* Assets.xcassets in Resources */,
				348FB14527115F5500457E53 /* Main.storyboard in Resources */,
			);
			runOnlyForDeploymentPostprocessing = 0;
		};
		348FB14E27115F5700457E53 /* Resources */ = {
			isa = PBXResourcesBuildPhase;
			buildActionMask = 2147483647;
			files = (
			);
			runOnlyForDeploymentPostprocessing = 0;
		};
		348FB15827115F5700457E53 /* Resources */ = {
			isa = PBXResourcesBuildPhase;
			buildActionMask = 2147483647;
			files = (
			);
			runOnlyForDeploymentPostprocessing = 0;
		};
/* End PBXResourcesBuildPhase section */

/* Begin PBXSourcesBuildPhase section */
		348FB13627115F5500457E53 /* Sources */ = {
			isa = PBXSourcesBuildPhase;
			buildActionMask = 2147483647;
			files = (
				348FB14227115F5500457E53 /* ViewController.swift in Sources */,
				348FB13E27115F5500457E53 /* AppDelegate.swift in Sources */,
				348FB14027115F5500457E53 /* SceneDelegate.swift in Sources */,
			);
			runOnlyForDeploymentPostprocessing = 0;
		};
		348FB14C27115F5700457E53 /* Sources */ = {
			isa = PBXSourcesBuildPhase;
			buildActionMask = 2147483647;
			files = (
				348FB15527115F5700457E53 /* FlixMovieAppTests.swift in Sources */,
			);
			runOnlyForDeploymentPostprocessing = 0;
		};
		348FB15627115F5700457E53 /* Sources */ = {
			isa = PBXSourcesBuildPhase;
			buildActionMask = 2147483647;
			files = (
				348FB16127115F5700457E53 /* FlixMovieAppUITestsLaunchTests.swift in Sources */,
				348FB15F27115F5700457E53 /* FlixMovieAppUITests.swift in Sources */,
			);
			runOnlyForDeploymentPostprocessing = 0;
		};
/* End PBXSourcesBuildPhase section */

/* Begin PBXTargetDependency section */
		348FB15227115F5700457E53 /* PBXTargetDependency */ = {
			isa = PBXTargetDependency;
			target = 348FB13927115F5500457E53 /* FlixMovieApp */;
			targetProxy = 348FB15127115F5700457E53 /* PBXContainerItemProxy */;
		};
		348FB15C27115F5700457E53 /* PBXTargetDependency */ = {
			isa = PBXTargetDependency;
			target = 348FB13927115F5500457E53 /* FlixMovieApp */;
			targetProxy = 348FB15B27115F5700457E53 /* PBXContainerItemProxy */;
		};
/* End PBXTargetDependency section */

/* Begin PBXVariantGroup section */
		348FB14327115F5500457E53 /* Main.storyboard */ = {
			isa = PBXVariantGroup;
			children = (
				348FB14427115F5500457E53 /* Base */,
			);
			name = Main.storyboard;
			sourceTree = "<group>";
		};
		348FB14827115F5700457E53 /* LaunchScreen.storyboard */ = {
			isa = PBXVariantGroup;
			children = (
				348FB14927115F5700457E53 /* Base */,
			);
			name = LaunchScreen.storyboard;
			sourceTree = "<group>";
		};
/* End PBXVariantGroup section */

/* Begin XCBuildConfiguration section */
		348FB16227115F5700457E53 /* Debug */ = {
			isa = XCBuildConfiguration;
			buildSettings = {
				ALWAYS_SEARCH_USER_PATHS = NO;
				CLANG_ANALYZER_NONNULL = YES;
				CLANG_ANALYZER_NUMBER_OBJECT_CONVERSION = YES_AGGRESSIVE;
				CLANG_CXX_LANGUAGE_STANDARD = "gnu++17";
				CLANG_CXX_LIBRARY = "libc++";
				CLANG_ENABLE_MODULES = YES;
				CLANG_ENABLE_OBJC_ARC = YES;
				CLANG_ENABLE_OBJC_WEAK = YES;
				CLANG_WARN_BLOCK_CAPTURE_AUTORELEASING = YES;
				CLANG_WARN_BOOL_CONVERSION = YES;
				CLANG_WARN_COMMA = YES;
				CLANG_WARN_CONSTANT_CONVERSION = YES;
				CLANG_WARN_DEPRECATED_OBJC_IMPLEMENTATIONS = YES;
				CLANG_WARN_DIRECT_OBJC_ISA_USAGE = YES_ERROR;
				CLANG_WARN_DOCUMENTATION_COMMENTS = YES;
				CLANG_WARN_EMPTY_BODY = YES;
				CLANG_WARN_ENUM_CONVERSION = YES;
				CLANG_WARN_INFINITE_RECURSION = YES;
				CLANG_WARN_INT_CONVERSION = YES;
				CLANG_WARN_NON_LITERAL_NULL_CONVERSION = YES;
				CLANG_WARN_OBJC_IMPLICIT_RETAIN_SELF = YES;
				CLANG_WARN_OBJC_LITERAL_CONVERSION = YES;
				CLANG_WARN_OBJC_ROOT_CLASS = YES_ERROR;
				CLANG_WARN_QUOTED_INCLUDE_IN_FRAMEWORK_HEADER = YES;
				CLANG_WARN_RANGE_LOOP_ANALYSIS = YES;
				CLANG_WARN_STRICT_PROTOTYPES = YES;
				CLANG_WARN_SUSPICIOUS_MOVE = YES;
				CLANG_WARN_UNGUARDED_AVAILABILITY = YES_AGGRESSIVE;
				CLANG_WARN_UNREACHABLE_CODE = YES;
				CLANG_WARN__DUPLICATE_METHOD_MATCH = YES;
				COPY_PHASE_STRIP = NO;
				DEBUG_INFORMATION_FORMAT = dwarf;
				ENABLE_STRICT_OBJC_MSGSEND = YES;
				ENABLE_TESTABILITY = YES;
				GCC_C_LANGUAGE_STANDARD = gnu11;
				GCC_DYNAMIC_NO_PIC = NO;
				GCC_NO_COMMON_BLOCKS = YES;
				GCC_OPTIMIZATION_LEVEL = 0;
				GCC_PREPROCESSOR_DEFINITIONS = (
					"DEBUG=1",
					"$(inherited)",
				);
				GCC_WARN_64_TO_32_BIT_CONVERSION = YES;
				GCC_WARN_ABOUT_RETURN_TYPE = YES_ERROR;
				GCC_WARN_UNDECLARED_SELECTOR = YES;
				GCC_WARN_UNINITIALIZED_AUTOS = YES_AGGRESSIVE;
				GCC_WARN_UNUSED_FUNCTION = YES;
				GCC_WARN_UNUSED_VARIABLE = YES;
				IPHONEOS_DEPLOYMENT_TARGET = 15.0;
				MTL_ENABLE_DEBUG_INFO = INCLUDE_SOURCE;
				MTL_FAST_MATH = YES;
				ONLY_ACTIVE_ARCH = YES;
				SDKROOT = iphoneos;
				SWIFT_ACTIVE_COMPILATION_CONDITIONS = DEBUG;
				SWIFT_OPTIMIZATION_LEVEL = "-Onone";
			};
			name = Debug;
		};
		348FB16327115F5700457E53 /* Release */ = {
			isa = XCBuildConfiguration;
			buildSettings = {
				ALWAYS_SEARCH_USER_PATHS = NO;
				CLANG_ANALYZER_NONNULL = YES;
				CLANG_ANALYZER_NUMBER_OBJECT_CONVERSION = YES_AGGRESSIVE;
				CLANG_CXX_LANGUAGE_STANDARD = "gnu++17";
				CLANG_CXX_LIBRARY = "libc++";
				CLANG_ENABLE_MODULES = YES;
				CLANG_ENABLE_OBJC_ARC = YES;
				CLANG_ENABLE_OBJC_WEAK = YES;
				CLANG_WARN_BLOCK_CAPTURE_AUTORELEASING = YES;
				CLANG_WARN_BOOL_CONVERSION = YES;
				CLANG_WARN_COMMA = YES;
				CLANG_WARN_CONSTANT_CONVERSION = YES;
				CLANG_WARN_DEPRECATED_OBJC_IMPLEMENTATIONS = YES;
				CLANG_WARN_DIRECT_OBJC_ISA_USAGE = YES_ERROR;
				CLANG_WARN_DOCUMENTATION_COMMENTS = YES;
				CLANG_WARN_EMPTY_BODY = YES;
				CLANG_WARN_ENUM_CONVERSION = YES;
				CLANG_WARN_INFINITE_RECURSION = YES;
				CLANG_WARN_INT_CONVERSION = YES;
				CLANG_WARN_NON_LITERAL_NULL_CONVERSION = YES;
				CLANG_WARN_OBJC_IMPLICIT_RETAIN_SELF = YES;
				CLANG_WARN_OBJC_LITERAL_CONVERSION = YES;
				CLANG_WARN_OBJC_ROOT_CLASS = YES_ERROR;
				CLANG_WARN_QUOTED_INCLUDE_IN_FRAMEWORK_HEADER = YES;
				CLANG_WARN_RANGE_LOOP_ANALYSIS = YES;
				CLANG_WARN_STRICT_PROTOTYPES = YES;
				CLANG_WARN_SUSPICIOUS_MOVE = YES;
				CLANG_WARN_UNGUARDED_AVAILABILITY = YES_AGGRESSIVE;
				CLANG_WARN_UNREACHABLE_CODE = YES;
				CLANG_WARN__DUPLICATE_METHOD_MATCH = YES;
				COPY_PHASE_STRIP = NO;
				DEBUG_INFORMATION_FORMAT = "dwarf-with-dsym";
				ENABLE_NS_ASSERTIONS = NO;
				ENABLE_STRICT_OBJC_MSGSEND = YES;
				GCC_C_LANGUAGE_STANDARD = gnu11;
				GCC_NO_COMMON_BLOCKS = YES;
				GCC_WARN_64_TO_32_BIT_CONVERSION = YES;
				GCC_WARN_ABOUT_RETURN_TYPE = YES_ERROR;
				GCC_WARN_UNDECLARED_SELECTOR = YES;
				GCC_WARN_UNINITIALIZED_AUTOS = YES_AGGRESSIVE;
				GCC_WARN_UNUSED_FUNCTION = YES;
				GCC_WARN_UNUSED_VARIABLE = YES;
				IPHONEOS_DEPLOYMENT_TARGET = 15.0;
				MTL_ENABLE_DEBUG_INFO = NO;
				MTL_FAST_MATH = YES;
				SDKROOT = iphoneos;
				SWIFT_COMPILATION_MODE = wholemodule;
				SWIFT_OPTIMIZATION_LEVEL = "-O";
				VALIDATE_PRODUCT = YES;
			};
			name = Release;
		};
		348FB16527115F5700457E53 /* Debug */ = {
			isa = XCBuildConfiguration;
			buildSettings = {
				ASSETCATALOG_COMPILER_APPICON_NAME = AppIcon;
				ASSETCATALOG_COMPILER_GLOBAL_ACCENT_COLOR_NAME = AccentColor;
				CODE_SIGN_STYLE = Automatic;
				CURRENT_PROJECT_VERSION = 1;
				DEVELOPMENT_TEAM = PT7TUMFDG4;
				GENERATE_INFOPLIST_FILE = YES;
				INFOPLIST_FILE = FlixMovieApp/Info.plist;
				INFOPLIST_KEY_UIApplicationSupportsIndirectInputEvents = YES;
				INFOPLIST_KEY_UILaunchStoryboardName = LaunchScreen;
				INFOPLIST_KEY_UIMainStoryboardFile = Main;
				INFOPLIST_KEY_UISupportedInterfaceOrientations_iPad = "UIInterfaceOrientationPortrait UIInterfaceOrientationPortraitUpsideDown UIInterfaceOrientationLandscapeLeft UIInterfaceOrientationLandscapeRight";
				INFOPLIST_KEY_UISupportedInterfaceOrientations_iPhone = "UIInterfaceOrientationPortrait UIInterfaceOrientationLandscapeLeft UIInterfaceOrientationLandscapeRight";
				LD_RUNPATH_SEARCH_PATHS = (
					"$(inherited)",
					"@executable_path/Frameworks",
				);
				MARKETING_VERSION = 1.0;
				PRODUCT_BUNDLE_IDENTIFIER = com.luisjr.miguel03.FlixMovieApp;
				PRODUCT_NAME = "$(TARGET_NAME)";
				SWIFT_EMIT_LOC_STRINGS = YES;
				SWIFT_VERSION = 5.0;
				TARGETED_DEVICE_FAMILY = "1,2";
			};
			name = Debug;
		};
		348FB16627115F5700457E53 /* Release */ = {
			isa = XCBuildConfiguration;
			buildSettings = {
				ASSETCATALOG_COMPILER_APPICON_NAME = AppIcon;
				ASSETCATALOG_COMPILER_GLOBAL_ACCENT_COLOR_NAME = AccentColor;
				CODE_SIGN_STYLE = Automatic;
				CURRENT_PROJECT_VERSION = 1;
				DEVELOPMENT_TEAM = PT7TUMFDG4;
				GENERATE_INFOPLIST_FILE = YES;
				INFOPLIST_FILE = FlixMovieApp/Info.plist;
				INFOPLIST_KEY_UIApplicationSupportsIndirectInputEvents = YES;
				INFOPLIST_KEY_UILaunchStoryboardName = LaunchScreen;
				INFOPLIST_KEY_UIMainStoryboardFile = Main;
				INFOPLIST_KEY_UISupportedInterfaceOrientations_iPad = "UIInterfaceOrientationPortrait UIInterfaceOrientationPortraitUpsideDown UIInterfaceOrientationLandscapeLeft UIInterfaceOrientationLandscapeRight";
				INFOPLIST_KEY_UISupportedInterfaceOrientations_iPhone = "UIInterfaceOrientationPortrait UIInterfaceOrientationLandscapeLeft UIInterfaceOrientationLandscapeRight";
				LD_RUNPATH_SEARCH_PATHS = (
					"$(inherited)",
					"@executable_path/Frameworks",
				);
				MARKETING_VERSION = 1.0;
				PRODUCT_BUNDLE_IDENTIFIER = com.luisjr.miguel03.FlixMovieApp;
				PRODUCT_NAME = "$(TARGET_NAME)";
				SWIFT_EMIT_LOC_STRINGS = YES;
				SWIFT_VERSION = 5.0;
				TARGETED_DEVICE_FAMILY = "1,2";
			};
			name = Release;
		};
		348FB16827115F5700457E53 /* Debug */ = {
			isa = XCBuildConfiguration;
			buildSettings = {
				ALWAYS_EMBED_SWIFT_STANDARD_LIBRARIES = YES;
				BUNDLE_LOADER = "$(TEST_HOST)";
				CODE_SIGN_STYLE = Automatic;
				CURRENT_PROJECT_VERSION = 1;
				DEVELOPMENT_TEAM = PT7TUMFDG4;
				GENERATE_INFOPLIST_FILE = YES;
				IPHONEOS_DEPLOYMENT_TARGET = 15.0;
				LD_RUNPATH_SEARCH_PATHS = (
					"$(inherited)",
					"@executable_path/Frameworks",
					"@loader_path/Frameworks",
				);
				MARKETING_VERSION = 1.0;
				PRODUCT_BUNDLE_IDENTIFIER = com.luisjr.miguel03.FlixMovieAppTests;
				PRODUCT_NAME = "$(TARGET_NAME)";
				SWIFT_EMIT_LOC_STRINGS = NO;
				SWIFT_VERSION = 5.0;
				TARGETED_DEVICE_FAMILY = "1,2";
				TEST_HOST = "$(BUILT_PRODUCTS_DIR)/FlixMovieApp.app/FlixMovieApp";
			};
			name = Debug;
		};
		348FB16927115F5700457E53 /* Release */ = {
			isa = XCBuildConfiguration;
			buildSettings = {
				ALWAYS_EMBED_SWIFT_STANDARD_LIBRARIES = YES;
				BUNDLE_LOADER = "$(TEST_HOST)";
				CODE_SIGN_STYLE = Automatic;
				CURRENT_PROJECT_VERSION = 1;
				DEVELOPMENT_TEAM = PT7TUMFDG4;
				GENERATE_INFOPLIST_FILE = YES;
				IPHONEOS_DEPLOYMENT_TARGET = 15.0;
				LD_RUNPATH_SEARCH_PATHS = (
					"$(inherited)",
					"@executable_path/Frameworks",
					"@loader_path/Frameworks",
				);
				MARKETING_VERSION = 1.0;
				PRODUCT_BUNDLE_IDENTIFIER = com.luisjr.miguel03.FlixMovieAppTests;
				PRODUCT_NAME = "$(TARGET_NAME)";
				SWIFT_EMIT_LOC_STRINGS = NO;
				SWIFT_VERSION = 5.0;
				TARGETED_DEVICE_FAMILY = "1,2";
				TEST_HOST = "$(BUILT_PRODUCTS_DIR)/FlixMovieApp.app/FlixMovieApp";
			};
			name = Release;
		};
		348FB16B27115F5700457E53 /* Debug */ = {
			isa = XCBuildConfiguration;
			buildSettings = {
				ALWAYS_EMBED_SWIFT_STANDARD_LIBRARIES = YES;
				CODE_SIGN_STYLE = Automatic;
				CURRENT_PROJECT_VERSION = 1;
				DEVELOPMENT_TEAM = PT7TUMFDG4;
				GENERATE_INFOPLIST_FILE = YES;
				LD_RUNPATH_SEARCH_PATHS = (
					"$(inherited)",
					"@executable_path/Frameworks",
					"@loader_path/Frameworks",
				);
				MARKETING_VERSION = 1.0;
				PRODUCT_BUNDLE_IDENTIFIER = com.luisjr.miguel03.FlixMovieAppUITests;
				PRODUCT_NAME = "$(TARGET_NAME)";
				SWIFT_EMIT_LOC_STRINGS = NO;
				SWIFT_VERSION = 5.0;
				TARGETED_DEVICE_FAMILY = "1,2";
				TEST_TARGET_NAME = FlixMovieApp;
			};
			name = Debug;
		};
		348FB16C27115F5700457E53 /* Release */ = {
			isa = XCBuildConfiguration;
			buildSettings = {
				ALWAYS_EMBED_SWIFT_STANDARD_LIBRARIES = YES;
				CODE_SIGN_STYLE = Automatic;
				CURRENT_PROJECT_VERSION = 1;
				DEVELOPMENT_TEAM = PT7TUMFDG4;
				GENERATE_INFOPLIST_FILE = YES;
				LD_RUNPATH_SEARCH_PATHS = (
					"$(inherited)",
					"@executable_path/Frameworks",
					"@loader_path/Frameworks",
				);
				MARKETING_VERSION = 1.0;
				PRODUCT_BUNDLE_IDENTIFIER = com.luisjr.miguel03.FlixMovieAppUITests;
				PRODUCT_NAME = "$(TARGET_NAME)";
				SWIFT_EMIT_LOC_STRINGS = NO;
				SWIFT_VERSION = 5.0;
				TARGETED_DEVICE_FAMILY = "1,2";
				TEST_TARGET_NAME = FlixMovieApp;
			};
			name = Release;
		};
/* End XCBuildConfiguration section */

/* Begin XCConfigurationList section */
		348FB13527115F5500457E53 /* Build configuration list for PBXProject "FlixMovieApp" */ = {
			isa = XCConfigurationList;
			buildConfigurations = (
				348FB16227115F5700457E53 /* Debug */,
				348FB16327115F5700457E53 /* Release */,
			);
			defaultConfigurationIsVisible = 0;
			defaultConfigurationName = Release;
		};
		348FB16427115F5700457E53 /* Build configuration list for PBXNativeTarget "FlixMovieApp" */ = {
			isa = XCConfigurationList;
			buildConfigurations = (
				348FB16527115F5700457E53 /* Debug */,
				348FB16627115F5700457E53 /* Release */,
			);
			defaultConfigurationIsVisible = 0;
			defaultConfigurationName = Release;
		};
		348FB16727115F5700457E53 /* Build configuration list for PBXNativeTarget "FlixMovieAppTests" */ = {
			isa = XCConfigurationList;
			buildConfigurations = (
				348FB16827115F5700457E53 /* Debug */,
				348FB16927115F5700457E53 /* Release */,
			);
			defaultConfigurationIsVisible = 0;
			defaultConfigurationName = Release;
		};
		348FB16A27115F5700457E53 /* Build configuration list for PBXNativeTarget "FlixMovieAppUITests" */ = {
			isa = XCConfigurationList;
			buildConfigurations = (
				348FB16B27115F5700457E53 /* Debug */,
				348FB16C27115F5700457E53 /* Release */,
			);
			defaultConfigurationIsVisible = 0;
			defaultConfigurationName = Release;
		};
/* End XCConfigurationList section */
	};
	rootObject = 348FB13227115F5500457E53 /* Project object */;
}
